
Microsoft Visual Studio Solution File, Format Version 12.00
# Visual Studio Version 17
VisualStudioVersion = 17.5.33424.131
MinimumVisualStudioVersion = 10.0.40219.1
Project("{8BC9CEB8-8B4A-11D0-8D11-00A0C91BC942}") = "lab 12.1 ap", "lab 12.1 ap.vcxproj", "{A422FE19-F7E7-4642-AE42-34B5F96BFF72}"
EndProject
Project("{8BC9CEB8-8B4A-11D0-8D11-00A0C91BC942}") = "UnitTest1", "..\UnitTest1\UnitTest1.vcxproj", "{70897177-9C36-4371-95D5-BADD1989A703}"
EndProject
Global
	GlobalSection(SolutionConfigurationPlatforms) = preSolution
		Debug|x64 = Debug|x64
		Debug|x86 = Debug|x86
		Release|x64 = Release|x64
		Release|x86 = Release|x86
	EndGlobalSection
	GlobalSection(ProjectConfigurationPlatforms) = postSolution
		{A422FE19-F7E7-4642-AE42-34B5F96BFF72}.Debug|x64.ActiveCfg = Debug|x64
		{A422FE19-F7E7-4642-AE42-34B5F96BFF72}.Debug|x64.Build.0 = Debug|x64
		{A422FE19-F7E7-4642-AE42-34B5F96BFF72}.Debug|x86.ActiveCfg = Debug|Win32
		{A422FE19-F7E7-4642-AE42-34B5F96BFF72}.Debug|x86.Build.0 = Debug|Win32
		{A422FE19-F7E7-4642-AE42-34B5F96BFF72}.Release|x64.ActiveCfg = Release|x64
		{A422FE19-F7E7-4642-AE42-34B5F96BFF72}.Release|x64.Build.0 = Release|x64
		{A422FE19-F7E7-4642-AE42-34B5F96BFF72}.Release|x86.ActiveCfg = Release|Win32
		{A422FE19-F7E7-4642-AE42-34B5F96BFF72}.Release|x86.Build.0 = Release|Win32
		{70897177-9C36-4371-95D5-BADD1989A703}.Debug|x64.ActiveCfg = Debug|x64
		{70897177-9C36-4371-95D5-BADD1989A703}.Debug|x64.Build.0 = Debug|x64
		{70897177-9C36-4371-95D5-BADD1989A703}.Debug|x86.ActiveCfg = Debug|Win32
		{70897177-9C36-4371-95D5-BADD1989A703}.Debug|x86.Build.0 = Debug|Win32
		{70897177-9C36-4371-95D5-BADD1989A703}.Release|x64.ActiveCfg = Release|x64
		{70897177-9C36-4371-95D5-BADD1989A703}.Release|x64.Build.0 = Release|x64
		{70897177-9C36-4371-95D5-BADD1989A703}.Release|x86.ActiveCfg = Release|Win32
		{70897177-9C36-4371-95D5-BADD1989A703}.Release|x86.Build.0 = Release|Win32
	EndGlobalSection
	GlobalSection(SolutionProperties) = preSolution
		HideSolutionNode = FALSE
	EndGlobalSection
	GlobalSection(ExtensibilityGlobals) = postSolution
		SolutionGuid = {1D178DC7-83D7-4501-BC9D-D8123B398E60}
	EndGlobalSection
EndGlobal
